
Microsoft Visual Studio Solution File, Format Version 12.00
# Visual Studio Version 16
VisualStudioVersion = 16.0.31205.134
MinimumVisualStudioVersion = 10.0.40219.1
Project("{8BC9CEB8-8B4A-11D0-8D11-00A0C91BC942}") = "SuperDraw", "SuperDraw\SuperDraw.vcxproj", "{0E5C7299-9DCD-4AD9-A9A0-2CB8650F903B}"
	ProjectSection(ProjectDependencies) = postProject
		{6E95AF49-16E5-4F16-990D-5D655DE46910} = {6E95AF49-16E5-4F16-990D-5D655DE46910}
	EndProjectSection
EndProject
Project("{8BC9CEB8-8B4A-11D0-8D11-00A0C91BC942}") = "WindowEx", "WindowEx\WindowEx.vcxproj", "{6E95AF49-16E5-4F16-990D-5D655DE46910}"
EndProject
Global
	GlobalSection(SolutionConfigurationPlatforms) = preSolution
		Debug|x64 = Debug|x64
		Debug|x86 = Debug|x86
		Release|x64 = Release|x64
		Release|x86 = Release|x86
	EndGlobalSection
	GlobalSection(ProjectConfigurationPlatforms) = postSolution
		{0E5C7299-9DCD-4AD9-A9A0-2CB8650F903B}.Debug|x64.ActiveCfg = Debug|x64
		{0E5C7299-9DCD-4AD9-A9A0-2CB8650F903B}.Debug|x64.Build.0 = Debug|x64
		{0E5C7299-9DCD-4AD9-A9A0-2CB8650F903B}.Debug|x86.ActiveCfg = Debug|Win32
		{0E5C7299-9DCD-4AD9-A9A0-2CB8650F903B}.Debug|x86.Build.0 = Debug|Win32
		{0E5C7299-9DCD-4AD9-A9A0-2CB8650F903B}.Release|x64.ActiveCfg = Release|x64
		{0E5C7299-9DCD-4AD9-A9A0-2CB8650F903B}.Release|x64.Build.0 = Release|x64
		{0E5C7299-9DCD-4AD9-A9A0-2CB8650F903B}.Release|x86.ActiveCfg = Release|Win32
		{0E5C7299-9DCD-4AD9-A9A0-2CB8650F903B}.Release|x86.Build.0 = Release|Win32
		{6E95AF49-16E5-4F16-990D-5D655DE46910}.Debug|x64.ActiveCfg = Debug|x64
		{6E95AF49-16E5-4F16-990D-5D655DE46910}.Debug|x64.Build.0 = Debug|x64
		{6E95AF49-16E5-4F16-990D-5D655DE46910}.Debug|x86.ActiveCfg = Debug|Win32
		{6E95AF49-16E5-4F16-990D-5D655DE46910}.Debug|x86.Build.0 = Debug|Win32
		{6E95AF49-16E5-4F16-990D-5D655DE46910}.Release|x64.ActiveCfg = Release|x64
		{6E95AF49-16E5-4F16-990D-5D655DE46910}.Release|x64.Build.0 = Release|x64
		{6E95AF49-16E5-4F16-990D-5D655DE46910}.Release|x86.ActiveCfg = Release|Win32
		{6E95AF49-16E5-4F16-990D-5D655DE46910}.Release|x86.Build.0 = Release|Win32
	EndGlobalSection
	GlobalSection(SolutionProperties) = preSolution
		HideSolutionNode = FALSE
	EndGlobalSection
	GlobalSection(ExtensibilityGlobals) = postSolution
		SolutionGuid = {279BEDA3-34C7-4FBB-B375-51348457FD5F}
	EndGlobalSection
EndGlobal
